
Microsoft Visual Studio Solution File, Format Version 12.00
# Visual Studio Version 17
VisualStudioVersion = 17.11.35327.3
MinimumVisualStudioVersion = 10.0.40219.1
Project("{FAE04EC0-301F-11D3-BF4B-00C04F79EFBC}") = "Assignment 4.2", "Assignment 4.2.csproj", "{DDB5178B-8A4F-43AD-821D-495D28B22AE5}"
EndProject
Global
	GlobalSection(SolutionConfigurationPlatforms) = preSolution
		Debug|Any CPU = Debug|Any CPU
		Release|Any CPU = Release|Any CPU
	EndGlobalSection
	GlobalSection(ProjectConfigurationPlatforms) = postSolution
		{DDB5178B-8A4F-43AD-821D-495D28B22AE5}.Debug|Any CPU.ActiveCfg = Debug|Any CPU
		{DDB5178B-8A4F-43AD-821D-495D28B22AE5}.Debug|Any CPU.Build.0 = Debug|Any CPU
		{DDB5178B-8A4F-43AD-821D-495D28B22AE5}.Release|Any CPU.ActiveCfg = Release|Any CPU
		{DDB5178B-8A4F-43AD-821D-495D28B22AE5}.Release|Any CPU.Build.0 = Release|Any CPU
	EndGlobalSection
	GlobalSection(SolutionProperties) = preSolution
		HideSolutionNode = FALSE
	EndGlobalSection
	GlobalSection(ExtensibilityGlobals) = postSolution
		SolutionGuid = {457BB18C-28F5-42FB-A93D-E31CCDCFFF3F}
	EndGlobalSection
EndGlobal
